
Microsoft Visual Studio Solution File, Format Version 12.00
# Visual Studio Version 17
VisualStudioVersion = 17.1.32421.90
MinimumVisualStudioVersion = 10.0.40219.1
Project("{9A19103F-16F7-4668-BE54-9A1E7A4F7556}") = "WebApplicationJokes", "WebApplicationJokes\WebApplicationJokes.csproj", "{D2DBBF78-3C82-417D-8FBD-D1A52ACD1421}"
EndProject
Project("{54A90642-561A-4BB1-A94E-469ADEE60C69}") = "frontendvue", "FrontEndVue\frontendvue.esproj", "{6C3FC740-F0D4-4EC8-8334-63EE39541902}"
EndProject
Global
	GlobalSection(SolutionConfigurationPlatforms) = preSolution
		Debug|Any CPU = Debug|Any CPU
		Release|Any CPU = Release|Any CPU
	EndGlobalSection
	GlobalSection(ProjectConfigurationPlatforms) = postSolution
		{D2DBBF78-3C82-417D-8FBD-D1A52ACD1421}.Debug|Any CPU.ActiveCfg = Debug|Any CPU
		{D2DBBF78-3C82-417D-8FBD-D1A52ACD1421}.Debug|Any CPU.Build.0 = Debug|Any CPU
		{D2DBBF78-3C82-417D-8FBD-D1A52ACD1421}.Release|Any CPU.ActiveCfg = Release|Any CPU
		{D2DBBF78-3C82-417D-8FBD-D1A52ACD1421}.Release|Any CPU.Build.0 = Release|Any CPU
		{6C3FC740-F0D4-4EC8-8334-63EE39541902}.Debug|Any CPU.ActiveCfg = Debug|Any CPU
		{6C3FC740-F0D4-4EC8-8334-63EE39541902}.Debug|Any CPU.Build.0 = Debug|Any CPU
		{6C3FC740-F0D4-4EC8-8334-63EE39541902}.Release|Any CPU.ActiveCfg = Release|Any CPU
		{6C3FC740-F0D4-4EC8-8334-63EE39541902}.Release|Any CPU.Build.0 = Release|Any CPU
		{6C3FC740-F0D4-4EC8-8334-63EE39541902}.Release|Any CPU.Deploy.0 = Release|Any CPU
	EndGlobalSection
	GlobalSection(SolutionProperties) = preSolution
		HideSolutionNode = FALSE
	EndGlobalSection
	GlobalSection(ExtensibilityGlobals) = postSolution
		SolutionGuid = {972643AC-7DB5-4479-9394-7827BAD7A926}
	EndGlobalSection
EndGlobal
